{
  "nodes": {
    "nixpkgs": {
      "locked": {
        "lastModified": 1668635921,
        "narHash": "sha256-cvwC/t+R71Em8MbC/48R6iY9eimsEbtpGzDSFXr39ug=",
        "owner": "NixOS",
        "repo": "nixpkgs",
        "rev": "38aa6cf2084251208747de58836b19ce50fb9d78",
        "type": "github"
      },
      "original": {
        "owner": "NixOS",
        "repo": "nixpkgs",
        "type": "github"
      }
    },
    "root": {
      "inputs": {
        "nixpkgs": "nixpkgs"
      }
    }
  },
  "root": "root",
  "version": 7
}
