{
  "nodes": {
    "nixpkgs": {
      "locked": {
        "lastModified": 1669688306,
        "narHash": "sha256-S/OHlie9HyTlnuZC/c9wZLG5F2oZeej1Dpj/smMzMOI=",
        "owner": "NixOS",
        "repo": "nixpkgs",
        "rev": "5adec5a79db9b5ba0f22e1b527572f7bffdde7e9",
        "type": "github"
      },
      "original": {
        "owner": "NixOS",
        "repo": "nixpkgs",
        "type": "github"
      }
    },
    "root": {
      "inputs": {
        "nixpkgs": "nixpkgs"
      }
    }
  },
  "root": "root",
  "version": 7
}
