{
  "nodes": {
    "nixpkgs": {
      "locked": {
        "lastModified": 1668370409,
        "narHash": "sha256-9nTVOxKPCj7QJFEEMDAGZay1O7pKqSFd9t+NCVw8MRM=",
        "owner": "NixOS",
        "repo": "nixpkgs",
        "rev": "ea6d354b843ee14294e7e1975e29a0e88a658031",
        "type": "github"
      },
      "original": {
        "owner": "NixOS",
        "repo": "nixpkgs",
        "type": "github"
      }
    },
    "root": {
      "inputs": {
        "nixpkgs": "nixpkgs"
      }
    }
  },
  "root": "root",
  "version": 7
}
